github.com/nateinaction/dusk v1.4.7 h1:flJWGd+VMS9g2/ISyEuUEihzhvbHVAcB56qp8Yv6kzk=
github.com/nateinaction/dusk v1.4.7/go.mod h1:1SNNHdxVh/sBcTCDrK5EG+PG2ilWo97wpfZHrv3UGmM=
github.com/zsefvlol/timezonemapper v1.0.0 h1:HXqkOzf01gXYh2nDQcDSROikFgMaximnhE8BY9SyF6E=
github.com/zsefvlol/timezonemapper v1.0.0/go.mod h1:cVUCOLEmc/VvOMusEhpd2G/UBtadL26ZVz2syODXDoQ=
